
Microsoft Visual Studio Solution File, Format Version 12.00
# Visual Studio Version 16
VisualStudioVersion = 16.0.30804.86
MinimumVisualStudioVersion = 10.0.40219.1
Project("{9A19103F-16F7-4668-BE54-9A1E7A4F7556}") = "KampIntro", "KampIntro\KampIntro.csproj", "{53244715-C712-407D-A3D1-8177D9BF76EE}"
EndProject
Project("{9A19103F-16F7-4668-BE54-9A1E7A4F7556}") = "Donguler", "Donguler\Donguler.csproj", "{61B010B1-2DE2-4AB4-B943-452FDDDB47A4}"
EndProject
Project("{9A19103F-16F7-4668-BE54-9A1E7A4F7556}") = "Metotlar", "Metotlar\Metotlar.csproj", "{E7308E12-802E-42FE-AA0D-2097DE1EF065}"
EndProject
Project("{9A19103F-16F7-4668-BE54-9A1E7A4F7556}") = "ClassIntro", "ClassIntro\ClassIntro.csproj", "{C064D0BB-0B08-474D-9907-56D67EA5C805}"
EndProject
Project("{9A19103F-16F7-4668-BE54-9A1E7A4F7556}") = "DegerVeReferansTipler", "DegerVeReferansTipler\DegerVeReferansTipler.csproj", "{B9A53308-EB94-43F1-AAF9-E00065D8ACC4}"
EndProject
Project("{9A19103F-16F7-4668-BE54-9A1E7A4F7556}") = "Matematik", "Matematik\Matematik.csproj", "{399DA2B4-8FE1-48DA-9C77-0A5D9F8EF9E8}"
EndProject
Project("{9A19103F-16F7-4668-BE54-9A1E7A4F7556}") = "ClassMetotDemo", "ClassMetotDemo\ClassMetotDemo.csproj", "{D99C4BE5-AF62-471C-9950-61ED598074FB}"
EndProject
Project("{9A19103F-16F7-4668-BE54-9A1E7A4F7556}") = "OOP1", "OOP1\OOP1.csproj", "{78A35D3F-1B95-47B3-815D-52FE49C59103}"
EndProject
Project("{9A19103F-16F7-4668-BE54-9A1E7A4F7556}") = "Koleksiyonlar", "Koleksiyonlar\Koleksiyonlar.csproj", "{922EA4FE-7FEC-4E0C-98F1-5BA92A15C3C7}"
EndProject
Project("{9A19103F-16F7-4668-BE54-9A1E7A4F7556}") = "GenericsIntro", "GenericsIntro\GenericsIntro.csproj", "{3D084AAF-D1E1-4407-B16D-74FCE7DEE32E}"
EndProject
Project("{9A19103F-16F7-4668-BE54-9A1E7A4F7556}") = "DictionaryProject", "DictionaryProject\DictionaryProject.csproj", "{591ECD5F-D6F2-4BFA-9832-022F19A0BFE0}"
EndProject
Project("{9A19103F-16F7-4668-BE54-9A1E7A4F7556}") = "OOP2", "OOP2\OOP2.csproj", "{05AEA3B9-37BF-47DF-96D1-E784A3C498B3}"
EndProject
Project("{9A19103F-16F7-4668-BE54-9A1E7A4F7556}") = "OOP3", "OOP3\OOP3.csproj", "{E52BB3E3-4693-4163-A3C9-4E48CC296289}"
EndProject
Project("{9A19103F-16F7-4668-BE54-9A1E7A4F7556}") = "InterfaceAbstractDemo", "InterfaceAbstractDemo\InterfaceAbstractDemo.csproj", "{095A5BAD-F64F-4130-8B28-6CBD57C14296}"
EndProject
Project("{FAE04EC0-301F-11D3-BF4B-00C04F79EFBC}") = "GameDemo", "GameDemo\GameDemo.csproj", "{613B73C8-BE8F-48B0-A5A8-C93969D77ED7}"
EndProject
Global
	GlobalSection(SolutionConfigurationPlatforms) = preSolution
		Debug|Any CPU = Debug|Any CPU
		Release|Any CPU = Release|Any CPU
	EndGlobalSection
	GlobalSection(ProjectConfigurationPlatforms) = postSolution
		{53244715-C712-407D-A3D1-8177D9BF76EE}.Debug|Any CPU.ActiveCfg = Debug|Any CPU
		{53244715-C712-407D-A3D1-8177D9BF76EE}.Debug|Any CPU.Build.0 = Debug|Any CPU
		{53244715-C712-407D-A3D1-8177D9BF76EE}.Release|Any CPU.ActiveCfg = Release|Any CPU
		{53244715-C712-407D-A3D1-8177D9BF76EE}.Release|Any CPU.Build.0 = Release|Any CPU
		{61B010B1-2DE2-4AB4-B943-452FDDDB47A4}.Debug|Any CPU.ActiveCfg = Debug|Any CPU
		{61B010B1-2DE2-4AB4-B943-452FDDDB47A4}.Debug|Any CPU.Build.0 = Debug|Any CPU
		{61B010B1-2DE2-4AB4-B943-452FDDDB47A4}.Release|Any CPU.ActiveCfg = Release|Any CPU
		{61B010B1-2DE2-4AB4-B943-452FDDDB47A4}.Release|Any CPU.Build.0 = Release|Any CPU
		{E7308E12-802E-42FE-AA0D-2097DE1EF065}.Debug|Any CPU.ActiveCfg = Debug|Any CPU
		{E7308E12-802E-42FE-AA0D-2097DE1EF065}.Debug|Any CPU.Build.0 = Debug|Any CPU
		{E7308E12-802E-42FE-AA0D-2097DE1EF065}.Release|Any CPU.ActiveCfg = Release|Any CPU
		{E7308E12-802E-42FE-AA0D-2097DE1EF065}.Release|Any CPU.Build.0 = Release|Any CPU
		{C064D0BB-0B08-474D-9907-56D67EA5C805}.Debug|Any CPU.ActiveCfg = Debug|Any CPU
		{C064D0BB-0B08-474D-9907-56D67EA5C805}.Debug|Any CPU.Build.0 = Debug|Any CPU
		{C064D0BB-0B08-474D-9907-56D67EA5C805}.Release|Any CPU.ActiveCfg = Release|Any CPU
		{C064D0BB-0B08-474D-9907-56D67EA5C805}.Release|Any CPU.Build.0 = Release|Any CPU
		{B9A53308-EB94-43F1-AAF9-E00065D8ACC4}.Debug|Any CPU.ActiveCfg = Debug|Any CPU
		{B9A53308-EB94-43F1-AAF9-E00065D8ACC4}.Debug|Any CPU.Build.0 = Debug|Any CPU
		{B9A53308-EB94-43F1-AAF9-E00065D8ACC4}.Release|Any CPU.ActiveCfg = Release|Any CPU
		{B9A53308-EB94-43F1-AAF9-E00065D8ACC4}.Release|Any CPU.Build.0 = Release|Any CPU
		{399DA2B4-8FE1-48DA-9C77-0A5D9F8EF9E8}.Debug|Any CPU.ActiveCfg = Debug|Any CPU
		{399DA2B4-8FE1-48DA-9C77-0A5D9F8EF9E8}.Debug|Any CPU.Build.0 = Debug|Any CPU
		{399DA2B4-8FE1-48DA-9C77-0A5D9F8EF9E8}.Release|Any CPU.ActiveCfg = Release|Any CPU
		{399DA2B4-8FE1-48DA-9C77-0A5D9F8EF9E8}.Release|Any CPU.Build.0 = Release|Any CPU
		{D99C4BE5-AF62-471C-9950-61ED598074FB}.Debug|Any CPU.ActiveCfg = Debug|Any CPU
		{D99C4BE5-AF62-471C-9950-61ED598074FB}.Debug|Any CPU.Build.0 = Debug|Any CPU
		{D99C4BE5-AF62-471C-9950-61ED598074FB}.Release|Any CPU.ActiveCfg = Release|Any CPU
		{D99C4BE5-AF62-471C-9950-61ED598074FB}.Release|Any CPU.Build.0 = Release|Any CPU
		{78A35D3F-1B95-47B3-815D-52FE49C59103}.Debug|Any CPU.ActiveCfg = Debug|Any CPU
		{78A35D3F-1B95-47B3-815D-52FE49C59103}.Debug|Any CPU.Build.0 = Debug|Any CPU
		{78A35D3F-1B95-47B3-815D-52FE49C59103}.Release|Any CPU.ActiveCfg = Release|Any CPU
		{78A35D3F-1B95-47B3-815D-52FE49C59103}.Release|Any CPU.Build.0 = Release|Any CPU
		{922EA4FE-7FEC-4E0C-98F1-5BA92A15C3C7}.Debug|Any CPU.ActiveCfg = Debug|Any CPU
		{922EA4FE-7FEC-4E0C-98F1-5BA92A15C3C7}.Debug|Any CPU.Build.0 = Debug|Any CPU
		{922EA4FE-7FEC-4E0C-98F1-5BA92A15C3C7}.Release|Any CPU.ActiveCfg = Release|Any CPU
		{922EA4FE-7FEC-4E0C-98F1-5BA92A15C3C7}.Release|Any CPU.Build.0 = Release|Any CPU
		{3D084AAF-D1E1-4407-B16D-74FCE7DEE32E}.Debug|Any CPU.ActiveCfg = Debug|Any CPU
		{3D084AAF-D1E1-4407-B16D-74FCE7DEE32E}.Debug|Any CPU.Build.0 = Debug|Any CPU
		{3D084AAF-D1E1-4407-B16D-74FCE7DEE32E}.Release|Any CPU.ActiveCfg = Release|Any CPU
		{3D084AAF-D1E1-4407-B16D-74FCE7DEE32E}.Release|Any CPU.Build.0 = Release|Any CPU
		{591ECD5F-D6F2-4BFA-9832-022F19A0BFE0}.Debug|Any CPU.ActiveCfg = Debug|Any CPU
		{591ECD5F-D6F2-4BFA-9832-022F19A0BFE0}.Debug|Any CPU.Build.0 = Debug|Any CPU
		{591ECD5F-D6F2-4BFA-9832-022F19A0BFE0}.Release|Any CPU.ActiveCfg = Release|Any CPU
		{591ECD5F-D6F2-4BFA-9832-022F19A0BFE0}.Release|Any CPU.Build.0 = Release|Any CPU
		{05AEA3B9-37BF-47DF-96D1-E784A3C498B3}.Debug|Any CPU.ActiveCfg = Debug|Any CPU
		{05AEA3B9-37BF-47DF-96D1-E784A3C498B3}.Debug|Any CPU.Build.0 = Debug|Any CPU
		{05AEA3B9-37BF-47DF-96D1-E784A3C498B3}.Release|Any CPU.ActiveCfg = Release|Any CPU
		{05AEA3B9-37BF-47DF-96D1-E784A3C498B3}.Release|Any CPU.Build.0 = Release|Any CPU
		{E52BB3E3-4693-4163-A3C9-4E48CC296289}.Debug|Any CPU.ActiveCfg = Debug|Any CPU
		{E52BB3E3-4693-4163-A3C9-4E48CC296289}.Debug|Any CPU.Build.0 = Debug|Any CPU
		{E52BB3E3-4693-4163-A3C9-4E48CC296289}.Release|Any CPU.ActiveCfg = Release|Any CPU
		{E52BB3E3-4693-4163-A3C9-4E48CC296289}.Release|Any CPU.Build.0 = Release|Any CPU
		{095A5BAD-F64F-4130-8B28-6CBD57C14296}.Debug|Any CPU.ActiveCfg = Debug|Any CPU
		{095A5BAD-F64F-4130-8B28-6CBD57C14296}.Debug|Any CPU.Build.0 = Debug|Any CPU
		{095A5BAD-F64F-4130-8B28-6CBD57C14296}.Release|Any CPU.ActiveCfg = Release|Any CPU
		{095A5BAD-F64F-4130-8B28-6CBD57C14296}.Release|Any CPU.Build.0 = Release|Any CPU
		{613B73C8-BE8F-48B0-A5A8-C93969D77ED7}.Debug|Any CPU.ActiveCfg = Debug|Any CPU
		{613B73C8-BE8F-48B0-A5A8-C93969D77ED7}.Debug|Any CPU.Build.0 = Debug|Any CPU
		{613B73C8-BE8F-48B0-A5A8-C93969D77ED7}.Release|Any CPU.ActiveCfg = Release|Any CPU
		{613B73C8-BE8F-48B0-A5A8-C93969D77ED7}.Release|Any CPU.Build.0 = Release|Any CPU
	EndGlobalSection
	GlobalSection(SolutionProperties) = preSolution
		HideSolutionNode = FALSE
	EndGlobalSection
	GlobalSection(ExtensibilityGlobals) = postSolution
		SolutionGuid = {25320C7F-9EF8-400A-A2FD-C0D08E6A3EC5}
	EndGlobalSection
EndGlobal
